// !$*UTF8*$!
{
	archiveVersion = 1;
	classes = {
	};
	objectVersion = 46;
	objects = {

/* Begin PBXBuildFile section */
		966754351F801E8A00F2DD05 /* ArraySeq.swift in Sources */ = {isa = PBXBuildFile; fileRef = 9693B24C1F801E0C0069489F /* ArraySeq.swift */; };
		966754361F801E8A00F2DD05 /* Range.swift in Sources */ = {isa = PBXBuildFile; fileRef = 9693B24D1F801E0C0069489F /* Range.swift */; };
		966754371F801E8A00F2DD05 /* IterableProtocol.swift in Sources */ = {isa = PBXBuildFile; fileRef = 9693B2501F801E0C0069489F /* IterableProtocol.swift */; };
		966754381F801E8A00F2DD05 /* IteratorProtocol.swift in Sources */ = {isa = PBXBuildFile; fileRef = 9693B2511F801E0C0069489F /* IteratorProtocol.swift */; };
		9667543B1F801E8A00F2DD05 /* RandomAccessSeqProtocol.swift in Sources */ = {isa = PBXBuildFile; fileRef = 9693B24F1F801E0C0069489F /* RandomAccessSeqProtocol.swift */; };
		9667543C1F801E8A00F2DD05 /* SeqProtocol.swift in Sources */ = {isa = PBXBuildFile; fileRef = 9693B2521F801E0C0069489F /* SeqProtocol.swift */; };
		966754401F801F9900F2DD05 /* Factory.swift in Sources */ = {isa = PBXBuildFile; fileRef = 9667543F1F801F9900F2DD05 /* Factory.swift */; };
		966754431F80205400F2DD05 /* Builder.swift in Sources */ = {isa = PBXBuildFile; fileRef = 966754421F80205400F2DD05 /* Builder.swift */; };
		966754451F802C1F00F2DD05 /* SeqFactory.swift in Sources */ = {isa = PBXBuildFile; fileRef = 966754441F802C1F00F2DD05 /* SeqFactory.swift */; };
		96A0D30A1F82A58C0030A3C8 /* Defaultable.swift in Sources */ = {isa = PBXBuildFile; fileRef = 96A0D3091F82A58C0030A3C8 /* Defaultable.swift */; };
		96B589791F8180A300EC02EC /* ArrayMapTests.swift in Sources */ = {isa = PBXBuildFile; fileRef = 96B589781F8180A300EC02EC /* ArrayMapTests.swift */; };
		96B5897D1F8184EA00EC02EC /* ArraySet.swift in Sources */ = {isa = PBXBuildFile; fileRef = 96B5897C1F8184EA00EC02EC /* ArraySet.swift */; };
		96B5897F1F81867D00EC02EC /* ArraySetTests.swift in Sources */ = {isa = PBXBuildFile; fileRef = 96B5897E1F81867D00EC02EC /* ArraySetTests.swift */; };
		96B5CC801F84AD2100DACD3F /* IterableTests.swift in Sources */ = {isa = PBXBuildFile; fileRef = 96B5CC7F1F84AD2100DACD3F /* IterableTests.swift */; };
		96B5CC851F84C0EB00DACD3F /* BuilderTests.swift in Sources */ = {isa = PBXBuildFile; fileRef = 96B5CC841F84C0EB00DACD3F /* BuilderTests.swift */; };
		96B5CC891F84C5E400DACD3F /* DefaultableTests.swift in Sources */ = {isa = PBXBuildFile; fileRef = 96B5CC881F84C5E400DACD3F /* DefaultableTests.swift */; };
		96B5CC8B1F84C70800DACD3F /* FactoryTests.swift in Sources */ = {isa = PBXBuildFile; fileRef = 96B5CC8A1F84C70800DACD3F /* FactoryTests.swift */; };
		96B5CC8E1F84C76800DACD3F /* SeqFactoryTests.swift in Sources */ = {isa = PBXBuildFile; fileRef = 96B5CC8D1F84C76800DACD3F /* SeqFactoryTests.swift */; };
		96DAC1BC1F81682600C06008 /* MapProtocol.swift in Sources */ = {isa = PBXBuildFile; fileRef = 96DAC1BB1F81682600C06008 /* MapProtocol.swift */; };
		96DAC1BE1F81683100C06008 /* SetProtocol.swift in Sources */ = {isa = PBXBuildFile; fileRef = 96DAC1BD1F81683100C06008 /* SetProtocol.swift */; };
		96DAC1C31F81764400C06008 /* ArrayMap.swift in Sources */ = {isa = PBXBuildFile; fileRef = 96DAC1C21F81764400C06008 /* ArrayMap.swift */; };
		OBJ_27 /* ArraySeqTests.swift in Sources */ = {isa = PBXBuildFile; fileRef = OBJ_12 /* ArraySeqTests.swift */; };
		OBJ_29 /* Lazy.framework in Frameworks */ = {isa = PBXBuildFile; fileRef = "Lazy::Lazy::Product" /* Lazy.framework */; };
/* End PBXBuildFile section */

/* Begin PBXContainerItemProxy section */
		9693B2481F801D520069489F /* PBXContainerItemProxy */ = {
			isa = PBXContainerItemProxy;
			containerPortal = OBJ_1 /* Project object */;
			proxyType = 1;
			remoteGlobalIDString = "Lazy::Lazy";
			remoteInfo = Lazy;
		};
/* End PBXContainerItemProxy section */

/* Begin PBXFileReference section */
		9667543F1F801F9900F2DD05 /* Factory.swift */ = {isa = PBXFileReference; lastKnownFileType = sourcecode.swift; path = Factory.swift; sourceTree = "<group>"; };
		966754421F80205400F2DD05 /* Builder.swift */ = {isa = PBXFileReference; lastKnownFileType = sourcecode.swift; path = Builder.swift; sourceTree = "<group>"; };
		966754441F802C1F00F2DD05 /* SeqFactory.swift */ = {isa = PBXFileReference; lastKnownFileType = sourcecode.swift; path = SeqFactory.swift; sourceTree = "<group>"; };
		9693B24C1F801E0C0069489F /* ArraySeq.swift */ = {isa = PBXFileReference; lastKnownFileType = sourcecode.swift; path = ArraySeq.swift; sourceTree = "<group>"; };
		9693B24D1F801E0C0069489F /* Range.swift */ = {isa = PBXFileReference; lastKnownFileType = sourcecode.swift; path = Range.swift; sourceTree = "<group>"; };
		9693B24F1F801E0C0069489F /* RandomAccessSeqProtocol.swift */ = {isa = PBXFileReference; lastKnownFileType = sourcecode.swift; path = RandomAccessSeqProtocol.swift; sourceTree = "<group>"; };
		9693B2501F801E0C0069489F /* IterableProtocol.swift */ = {isa = PBXFileReference; lastKnownFileType = sourcecode.swift; path = IterableProtocol.swift; sourceTree = "<group>"; };
		9693B2511F801E0C0069489F /* IteratorProtocol.swift */ = {isa = PBXFileReference; lastKnownFileType = sourcecode.swift; path = IteratorProtocol.swift; sourceTree = "<group>"; };
		9693B2521F801E0C0069489F /* SeqProtocol.swift */ = {isa = PBXFileReference; lastKnownFileType = sourcecode.swift; path = SeqProtocol.swift; sourceTree = "<group>"; };
		96A0D3091F82A58C0030A3C8 /* Defaultable.swift */ = {isa = PBXFileReference; lastKnownFileType = sourcecode.swift; path = Defaultable.swift; sourceTree = "<group>"; };
		96B589781F8180A300EC02EC /* ArrayMapTests.swift */ = {isa = PBXFileReference; lastKnownFileType = sourcecode.swift; path = ArrayMapTests.swift; sourceTree = "<group>"; };
		96B5897C1F8184EA00EC02EC /* ArraySet.swift */ = {isa = PBXFileReference; lastKnownFileType = sourcecode.swift; path = ArraySet.swift; sourceTree = "<group>"; };
		96B5897E1F81867D00EC02EC /* ArraySetTests.swift */ = {isa = PBXFileReference; lastKnownFileType = sourcecode.swift; path = ArraySetTests.swift; sourceTree = "<group>"; };
		96B5CC7F1F84AD2100DACD3F /* IterableTests.swift */ = {isa = PBXFileReference; lastKnownFileType = sourcecode.swift; path = IterableTests.swift; sourceTree = "<group>"; };
		96B5CC841F84C0EB00DACD3F /* BuilderTests.swift */ = {isa = PBXFileReference; lastKnownFileType = sourcecode.swift; path = BuilderTests.swift; sourceTree = "<group>"; };
		96B5CC881F84C5E400DACD3F /* DefaultableTests.swift */ = {isa = PBXFileReference; lastKnownFileType = sourcecode.swift; path = DefaultableTests.swift; sourceTree = "<group>"; };
		96B5CC8A1F84C70800DACD3F /* FactoryTests.swift */ = {isa = PBXFileReference; lastKnownFileType = sourcecode.swift; path = FactoryTests.swift; sourceTree = "<group>"; };
		96B5CC8D1F84C76800DACD3F /* SeqFactoryTests.swift */ = {isa = PBXFileReference; lastKnownFileType = sourcecode.swift; path = SeqFactoryTests.swift; sourceTree = "<group>"; };
		96DAC1BB1F81682600C06008 /* MapProtocol.swift */ = {isa = PBXFileReference; lastKnownFileType = sourcecode.swift; path = MapProtocol.swift; sourceTree = "<group>"; };
		96DAC1BD1F81683100C06008 /* SetProtocol.swift */ = {isa = PBXFileReference; lastKnownFileType = sourcecode.swift; path = SetProtocol.swift; sourceTree = "<group>"; };
		96DAC1C21F81764400C06008 /* ArrayMap.swift */ = {isa = PBXFileReference; lastKnownFileType = sourcecode.swift; path = ArrayMap.swift; sourceTree = "<group>"; };
		"Lazy::Lazy::Product" /* Lazy.framework */ = {isa = PBXFileReference; explicitFileType = wrapper.framework; path = Lazy.framework; sourceTree = BUILT_PRODUCTS_DIR; };
		"Lazy::LazyTests::Product" /* LazyTests.xctest */ = {isa = PBXFileReference; explicitFileType = wrapper.cfbundle; path = LazyTests.xctest; sourceTree = BUILT_PRODUCTS_DIR; };
		OBJ_12 /* ArraySeqTests.swift */ = {isa = PBXFileReference; lastKnownFileType = sourcecode.swift; path = ArraySeqTests.swift; sourceTree = "<group>"; };
/* End PBXFileReference section */

/* Begin PBXFrameworksBuildPhase section */
		OBJ_28 /* Frameworks */ = {
			isa = PBXFrameworksBuildPhase;
			buildActionMask = 0;
			files = (
				OBJ_29 /* Lazy.framework in Frameworks */,
			);
			runOnlyForDeploymentPostprocessing = 0;
		};
		OBJ_37 /* Frameworks */ = {
			isa = PBXFrameworksBuildPhase;
			buildActionMask = 0;
			files = (
			);
			runOnlyForDeploymentPostprocessing = 0;
		};
/* End PBXFrameworksBuildPhase section */

/* Begin PBXGroup section */
		9667543D1F801F4800F2DD05 /* Factories */ = {
			isa = PBXGroup;
			children = (
				9667543F1F801F9900F2DD05 /* Factory.swift */,
				966754441F802C1F00F2DD05 /* SeqFactory.swift */,
			);
			path = Factories;
			sourceTree = "<group>";
		};
		966754411F80204800F2DD05 /* Builders */ = {
			isa = PBXGroup;
			children = (
				966754421F80205400F2DD05 /* Builder.swift */,
			);
			path = Builders;
			sourceTree = "<group>";
		};
		9693B24B1F801E0C0069489F /* Implementations */ = {
			isa = PBXGroup;
			children = (
				9693B24C1F801E0C0069489F /* ArraySeq.swift */,
				9693B24D1F801E0C0069489F /* Range.swift */,
				96DAC1C21F81764400C06008 /* ArrayMap.swift */,
				96B5897C1F8184EA00EC02EC /* ArraySet.swift */,
			);
			path = Implementations;
			sourceTree = "<group>";
		};
		96B5CC811F84C07300DACD3F /* Builders */ = {
			isa = PBXGroup;
			children = (
				96B5CC841F84C0EB00DACD3F /* BuilderTests.swift */,
			);
			name = Builders;
			path = Tests/LazyTests/Builders;
			sourceTree = SOURCE_ROOT;
		};
		96B5CC8C1F84C70E00DACD3F /* Factories */ = {
			isa = PBXGroup;
			children = (
				96B5CC8D1F84C76800DACD3F /* SeqFactoryTests.swift */,
				96B5CC8A1F84C70800DACD3F /* FactoryTests.swift */,
			);
			name = Factories;
			path = Tests/LazyTests/Factories;
			sourceTree = SOURCE_ROOT;
		};
		96DAC1C11F8175F300C06008 /* Mutable */ = {
			isa = PBXGroup;
			children = (
			);
			name = Mutable;
			path = Sources/Mutable;
			sourceTree = SOURCE_ROOT;
		};
		OBJ_10 /* Tests */ = {
			isa = PBXGroup;
			children = (
				OBJ_11 /* LazyTests */,
			);
			name = Tests;
			sourceTree = SOURCE_ROOT;
		};
		OBJ_11 /* LazyTests */ = {
			isa = PBXGroup;
			children = (
				96B5CC8C1F84C70E00DACD3F /* Factories */,
				96B5CC881F84C5E400DACD3F /* DefaultableTests.swift */,
				96B5CC811F84C07300DACD3F /* Builders */,
				96B5CC7F1F84AD2100DACD3F /* IterableTests.swift */,
				96B5897E1F81867D00EC02EC /* ArraySetTests.swift */,
				OBJ_12 /* ArraySeqTests.swift */,
				96B589781F8180A300EC02EC /* ArrayMapTests.swift */,
			);
			name = LazyTests;
			path = Tests/LazyTests;
			sourceTree = SOURCE_ROOT;
		};
		OBJ_13 /* Products */ = {
			isa = PBXGroup;
			children = (
				"Lazy::LazyTests::Product" /* LazyTests.xctest */,
				"Lazy::Lazy::Product" /* Lazy.framework */,
			);
			name = Products;
			sourceTree = BUILT_PRODUCTS_DIR;
		};
		OBJ_5 = {
			isa = PBXGroup;
			children = (
				OBJ_7 /* Sources */,
				OBJ_10 /* Tests */,
				OBJ_13 /* Products */,
			);
			sourceTree = "<group>";
		};
		OBJ_7 /* Sources */ = {
			isa = PBXGroup;
			children = (
				96DAC1C11F8175F300C06008 /* Mutable */,
				966754411F80204800F2DD05 /* Builders */,
				9667543D1F801F4800F2DD05 /* Factories */,
				9693B24B1F801E0C0069489F /* Implementations */,
				9693B2501F801E0C0069489F /* IterableProtocol.swift */,
				9693B2511F801E0C0069489F /* IteratorProtocol.swift */,
				9693B24F1F801E0C0069489F /* RandomAccessSeqProtocol.swift */,
				9693B2521F801E0C0069489F /* SeqProtocol.swift */,
				96DAC1BB1F81682600C06008 /* MapProtocol.swift */,
				96DAC1BD1F81683100C06008 /* SetProtocol.swift */,
				96A0D3091F82A58C0030A3C8 /* Defaultable.swift */,
			);
			path = Sources;
			sourceTree = SOURCE_ROOT;
		};
/* End PBXGroup section */

/* Begin PBXNativeTarget section */
		"Lazy::Lazy" /* Lazy */ = {
			isa = PBXNativeTarget;
			buildConfigurationList = OBJ_32 /* Build configuration list for PBXNativeTarget "Lazy" */;
			buildPhases = (
				OBJ_35 /* Sources */,
				OBJ_37 /* Frameworks */,
			);
			buildRules = (
			);
			dependencies = (
			);
			name = Lazy;
			productName = Lazy;
			productReference = "Lazy::Lazy::Product" /* Lazy.framework */;
			productType = "com.apple.product-type.framework";
		};
		"Lazy::LazyTests" /* LazyTests */ = {
			isa = PBXNativeTarget;
			buildConfigurationList = OBJ_23 /* Build configuration list for PBXNativeTarget "LazyTests" */;
			buildPhases = (
				OBJ_26 /* Sources */,
				OBJ_28 /* Frameworks */,
			);
			buildRules = (
			);
			dependencies = (
				OBJ_30 /* PBXTargetDependency */,
			);
			name = LazyTests;
			productName = LazyTests;
			productReference = "Lazy::LazyTests::Product" /* LazyTests.xctest */;
			productType = "com.apple.product-type.bundle.unit-test";
		};
/* End PBXNativeTarget section */

/* Begin PBXProject section */
		OBJ_1 /* Project object */ = {
			isa = PBXProject;
			attributes = {
				LastUpgradeCheck = 9999;
			};
			buildConfigurationList = OBJ_2 /* Build configuration list for PBXProject "Lazy" */;
			compatibilityVersion = "Xcode 3.2";
			developmentRegion = English;
			hasScannedForEncodings = 0;
			knownRegions = (
				en,
			);
			mainGroup = OBJ_5;
			productRefGroup = OBJ_13 /* Products */;
			projectDirPath = "";
			projectRoot = "";
			targets = (
				"Lazy::LazyTests" /* LazyTests */,
				"Lazy::Lazy" /* Lazy */,
			);
		};
/* End PBXProject section */

/* Begin PBXSourcesBuildPhase section */
		OBJ_26 /* Sources */ = {
			isa = PBXSourcesBuildPhase;
			buildActionMask = 0;
			files = (
				96B5897F1F81867D00EC02EC /* ArraySetTests.swift in Sources */,
				96B5CC801F84AD2100DACD3F /* IterableTests.swift in Sources */,
				96B5CC851F84C0EB00DACD3F /* BuilderTests.swift in Sources */,
				96B589791F8180A300EC02EC /* ArrayMapTests.swift in Sources */,
				96B5CC8E1F84C76800DACD3F /* SeqFactoryTests.swift in Sources */,
				96B5CC8B1F84C70800DACD3F /* FactoryTests.swift in Sources */,
				OBJ_27 /* ArraySeqTests.swift in Sources */,
				96B5CC891F84C5E400DACD3F /* DefaultableTests.swift in Sources */,
			);
			runOnlyForDeploymentPostprocessing = 0;
		};
		OBJ_35 /* Sources */ = {
			isa = PBXSourcesBuildPhase;
			buildActionMask = 0;
			files = (
				966754351F801E8A00F2DD05 /* ArraySeq.swift in Sources */,
				966754371F801E8A00F2DD05 /* IterableProtocol.swift in Sources */,
				966754361F801E8A00F2DD05 /* Range.swift in Sources */,
				96DAC1BC1F81682600C06008 /* MapProtocol.swift in Sources */,
				966754381F801E8A00F2DD05 /* IteratorProtocol.swift in Sources */,
				966754451F802C1F00F2DD05 /* SeqFactory.swift in Sources */,
				966754401F801F9900F2DD05 /* Factory.swift in Sources */,
				9667543C1F801E8A00F2DD05 /* SeqProtocol.swift in Sources */,
				9667543B1F801E8A00F2DD05 /* RandomAccessSeqProtocol.swift in Sources */,
				96A0D30A1F82A58C0030A3C8 /* Defaultable.swift in Sources */,
				96DAC1C31F81764400C06008 /* ArrayMap.swift in Sources */,
				966754431F80205400F2DD05 /* Builder.swift in Sources */,
				96B5897D1F8184EA00EC02EC /* ArraySet.swift in Sources */,
				96DAC1BE1F81683100C06008 /* SetProtocol.swift in Sources */,
			);
			runOnlyForDeploymentPostprocessing = 0;
		};
/* End PBXSourcesBuildPhase section */

/* Begin PBXTargetDependency section */
		OBJ_30 /* PBXTargetDependency */ = {
			isa = PBXTargetDependency;
			target = "Lazy::Lazy" /* Lazy */;
			targetProxy = 9693B2481F801D520069489F /* PBXContainerItemProxy */;
		};
/* End PBXTargetDependency section */

/* Begin XCBuildConfiguration section */
		OBJ_24 /* Debug */ = {
			isa = XCBuildConfiguration;
			buildSettings = {
				ALWAYS_EMBED_SWIFT_STANDARD_LIBRARIES = YES;
				EMBEDDED_CONTENT_CONTAINS_SWIFT = YES;
				FRAMEWORK_SEARCH_PATHS = (
					"$(inherited)",
					"$(PLATFORM_DIR)/Developer/Library/Frameworks",
				);
				HEADER_SEARCH_PATHS = "$(inherited)";
				INFOPLIST_FILE = Lazy.xcodeproj/LazyTests_Info.plist;
				LD_RUNPATH_SEARCH_PATHS = "@loader_path/../Frameworks @loader_path/Frameworks";
				OTHER_LDFLAGS = "$(inherited)";
				OTHER_SWIFT_FLAGS = "$(inherited)";
				SWIFT_VERSION = 4.0;
				TARGET_NAME = LazyTests;
			};
			name = Debug;
		};
		OBJ_25 /* Release */ = {
			isa = XCBuildConfiguration;
			buildSettings = {
				ALWAYS_EMBED_SWIFT_STANDARD_LIBRARIES = YES;
				EMBEDDED_CONTENT_CONTAINS_SWIFT = YES;
				FRAMEWORK_SEARCH_PATHS = (
					"$(inherited)",
					"$(PLATFORM_DIR)/Developer/Library/Frameworks",
				);
				HEADER_SEARCH_PATHS = "$(inherited)";
				INFOPLIST_FILE = Lazy.xcodeproj/LazyTests_Info.plist;
				LD_RUNPATH_SEARCH_PATHS = "@loader_path/../Frameworks @loader_path/Frameworks";
				OTHER_LDFLAGS = "$(inherited)";
				OTHER_SWIFT_FLAGS = "$(inherited)";
				SWIFT_VERSION = 4.0;
				TARGET_NAME = LazyTests;
			};
			name = Release;
		};
		OBJ_3 /* Debug */ = {
			isa = XCBuildConfiguration;
			buildSettings = {
				CLANG_ENABLE_OBJC_ARC = YES;
				COMBINE_HIDPI_IMAGES = YES;
				COPY_PHASE_STRIP = NO;
				DEBUG_INFORMATION_FORMAT = dwarf;
				DYLIB_INSTALL_NAME_BASE = "@rpath";
				ENABLE_NS_ASSERTIONS = YES;
				GCC_OPTIMIZATION_LEVEL = 0;
				MACOSX_DEPLOYMENT_TARGET = 10.10;
				ONLY_ACTIVE_ARCH = YES;
				OTHER_SWIFT_FLAGS = "-DXcode";
				PRODUCT_NAME = "$(TARGET_NAME)";
				SDKROOT = macosx;
				SUPPORTED_PLATFORMS = "macosx iphoneos iphonesimulator appletvos appletvsimulator watchos watchsimulator";
				SWIFT_ACTIVE_COMPILATION_CONDITIONS = SWIFT_PACKAGE;
				SWIFT_OPTIMIZATION_LEVEL = "-Onone";
				USE_HEADERMAP = NO;
			};
			name = Debug;
		};
		OBJ_33 /* Debug */ = {
			isa = XCBuildConfiguration;
			buildSettings = {
				ENABLE_TESTABILITY = YES;
				FRAMEWORK_SEARCH_PATHS = (
					"$(inherited)",
					"$(PLATFORM_DIR)/Developer/Library/Frameworks",
				);
				HEADER_SEARCH_PATHS = "$(inherited)";
				INFOPLIST_FILE = Lazy.xcodeproj/Lazy_Info.plist;
				LD_RUNPATH_SEARCH_PATHS = "$(TOOLCHAIN_DIR)/usr/lib/swift/macosx";
				OTHER_LDFLAGS = "$(inherited)";
				OTHER_SWIFT_FLAGS = "$(inherited)";
				PRODUCT_BUNDLE_IDENTIFIER = Lazy;
				PRODUCT_MODULE_NAME = "$(TARGET_NAME:c99extidentifier)";
				PRODUCT_NAME = "$(TARGET_NAME:c99extidentifier)";
				SKIP_INSTALL = YES;
				SWIFT_VERSION = 4.0;
				TARGET_NAME = Lazy;
			};
			name = Debug;
		};
		OBJ_34 /* Release */ = {
			isa = XCBuildConfiguration;
			buildSettings = {
				ENABLE_TESTABILITY = YES;
				FRAMEWORK_SEARCH_PATHS = (
					"$(inherited)",
					"$(PLATFORM_DIR)/Developer/Library/Frameworks",
				);
				HEADER_SEARCH_PATHS = "$(inherited)";
				INFOPLIST_FILE = Lazy.xcodeproj/Lazy_Info.plist;
				LD_RUNPATH_SEARCH_PATHS = "$(TOOLCHAIN_DIR)/usr/lib/swift/macosx";
				OTHER_LDFLAGS = "$(inherited)";
				OTHER_SWIFT_FLAGS = "$(inherited)";
				PRODUCT_BUNDLE_IDENTIFIER = Lazy;
				PRODUCT_MODULE_NAME = "$(TARGET_NAME:c99extidentifier)";
				PRODUCT_NAME = "$(TARGET_NAME:c99extidentifier)";
				SKIP_INSTALL = YES;
				SWIFT_VERSION = 4.0;
				TARGET_NAME = Lazy;
			};
			name = Release;
		};
		OBJ_4 /* Release */ = {
			isa = XCBuildConfiguration;
			buildSettings = {
				CLANG_ENABLE_OBJC_ARC = YES;
				COMBINE_HIDPI_IMAGES = YES;
				COPY_PHASE_STRIP = YES;
				DEBUG_INFORMATION_FORMAT = "dwarf-with-dsym";
				DYLIB_INSTALL_NAME_BASE = "@rpath";
				GCC_OPTIMIZATION_LEVEL = s;
				MACOSX_DEPLOYMENT_TARGET = 10.10;
				OTHER_SWIFT_FLAGS = "-DXcode";
				PRODUCT_NAME = "$(TARGET_NAME)";
				SDKROOT = macosx;
				SUPPORTED_PLATFORMS = "macosx iphoneos iphonesimulator appletvos appletvsimulator watchos watchsimulator";
				SWIFT_ACTIVE_COMPILATION_CONDITIONS = SWIFT_PACKAGE;
				SWIFT_OPTIMIZATION_LEVEL = "-Owholemodule";
				USE_HEADERMAP = NO;
			};
			name = Release;
		};
/* End XCBuildConfiguration section */

/* Begin XCConfigurationList section */
		OBJ_2 /* Build configuration list for PBXProject "Lazy" */ = {
			isa = XCConfigurationList;
			buildConfigurations = (
				OBJ_3 /* Debug */,
				OBJ_4 /* Release */,
			);
			defaultConfigurationIsVisible = 0;
			defaultConfigurationName = Debug;
		};
		OBJ_23 /* Build configuration list for PBXNativeTarget "LazyTests" */ = {
			isa = XCConfigurationList;
			buildConfigurations = (
				OBJ_24 /* Debug */,
				OBJ_25 /* Release */,
			);
			defaultConfigurationIsVisible = 0;
			defaultConfigurationName = Debug;
		};
		OBJ_32 /* Build configuration list for PBXNativeTarget "Lazy" */ = {
			isa = XCConfigurationList;
			buildConfigurations = (
				OBJ_33 /* Debug */,
				OBJ_34 /* Release */,
			);
			defaultConfigurationIsVisible = 0;
			defaultConfigurationName = Debug;
		};
/* End XCConfigurationList section */
	};
	rootObject = OBJ_1 /* Project object */;
}
